<?xml version="1.0" encoding="utf-8"?>
<Project ToolsVersion="15.0" xmlns="http://schemas.microsoft.com/developer/msbuild/2003">
  <ItemGroup>
    <ClCompile Include="C:\DevFast\skalang\skalang\src\src\LoggerConfig.cpp">
      <Filter>Source Files</Filter>
    </ClCompile>
    <ClCompile Include="C:\DevFast\skalang\skalang\src\src\Parser.cpp">
      <Filter>Source Files</Filter>
    </ClCompile>
    <ClCompile Include="C:\DevFast\skalang\skalang\src\src\ReservedKeywordsPool.cpp">
      <Filter>Source Files</Filter>
    </ClCompile>
    <ClCompile Include="C:\DevFast\skalang\skalang\src\src\SemanticTypeChecker.cpp">
      <Filter>Source Files</Filter>
    </ClCompile>
    <ClCompile Include="C:\DevFast\skalang\skalang\src\src\ShuntingYardExpressionParser.cpp">
      <Filter>Source Files</Filter>
    </ClCompile>
    <ClCompile Include="C:\DevFast\skalang\skalang\src\src\SymbolTable.cpp">
      <Filter>Source Files</Filter>
    </ClCompile>
    <ClCompile Include="C:\DevFast\skalang\skalang\src\src\TokenReader.cpp">
      <Filter>Source Files</Filter>
    </ClCompile>
    <ClCompile Include="C:\DevFast\skalang\skalang\src\src\Tokenizer.cpp">
      <Filter>Source Files</Filter>
    </ClCompile>
    <ClCompile Include="C:\DevFast\skalang\skalang\src\src\TypeBuilder.cpp">
      <Filter>Source Files</Filter>
    </ClCompile>
    <ClCompile Include="C:\DevFast\skalang\skalang\src\src\TypeBuilderBinary.cpp">
      <Filter>Source Files</Filter>
    </ClCompile>
    <ClCompile Include="C:\DevFast\skalang\skalang\src\src\TypeBuilderCalculatorDispatcher.cpp">
      <Filter>Source Files</Filter>
    </ClCompile>
    <ClCompile Include="C:\DevFast\skalang\skalang\src\src\TypeBuilderFieldAccess.cpp">
      <Filter>Source Files</Filter>
    </ClCompile>
    <ClCompile Include="C:\DevFast\skalang\skalang\src\src\TypeBuilderFunctionCall.cpp">
      <Filter>Source Files</Filter>
    </ClCompile>
    <ClCompile Include="C:\DevFast\skalang\skalang\src\src\TypeBuilderFunctionDeclaration.cpp">
      <Filter>Source Files</Filter>
    </ClCompile>
    <ClCompile Include="C:\DevFast\skalang\skalang\src\src\TypeBuilderParameterDeclaration.cpp">
      <Filter>Source Files</Filter>
    </ClCompile>
    <ClCompile Include="C:\DevFast\skalang\skalang\src\src\TypeBuilderUnary.cpp">
      <Filter>Source Files</Filter>
    </ClCompile>
    <ClCompile Include="C:\DevFast\skalang\skalang\src\src\TypeBuilderVariableAffectation.cpp">
      <Filter>Source Files</Filter>
    </ClCompile>
    <ClCompile Include="C:\DevFast\skalang\skalang\src\src\TypeBuilderVariableDeclaration.cpp">
      <Filter>Source Files</Filter>
    </ClCompile>
  </ItemGroup>
  <ItemGroup>
    <ClInclude Include="C:\DevFast\skalang\skalang\src\src\AST.h">
      <Filter>Header Files</Filter>
    </ClInclude>
    <ClInclude Include="C:\DevFast\skalang\skalang\src\src\ASTBuilder.h">
      <Filter>Header Files</Filter>
    </ClInclude>
    <ClInclude Include="C:\DevFast\skalang\skalang\src\src\BlockTokenEvent.h">
      <Filter>Header Files</Filter>
    </ClInclude>
    <ClInclude Include="C:\DevFast\skalang\skalang\src\src\ExpressionTokenEvent.h">
      <Filter>Header Files</Filter>
    </ClInclude>
    <ClInclude Include="C:\DevFast\skalang\skalang\src\src\ExpressionType.h">
      <Filter>Header Files</Filter>
    </ClInclude>
    <ClInclude Include="C:\DevFast\skalang\skalang\src\src\ForTokenEvent.h">
      <Filter>Header Files</Filter>
    </ClInclude>
    <ClInclude Include="C:\DevFast\skalang\skalang\src\src\FunctionTokenEvent.h">
      <Filter>Header Files</Filter>
    </ClInclude>
    <ClInclude Include="C:\DevFast\skalang\skalang\src\src\IfElseTokenEvent.h">
      <Filter>Header Files</Filter>
    </ClInclude>
    <ClInclude Include="C:\DevFast\skalang\skalang\src\src\LoggerConfig.h">
      <Filter>Header Files</Filter>
    </ClInclude>
    <ClInclude Include="C:\DevFast\skalang\skalang\src\src\Operator.h">
      <Filter>Header Files</Filter>
    </ClInclude>
    <ClInclude Include="C:\DevFast\skalang\skalang\src\src\Parser.h">
      <Filter>Header Files</Filter>
    </ClInclude>
    <ClInclude Include="C:\DevFast\skalang\skalang\src\src\ReservedKeywordsPool.h">
      <Filter>Header Files</Filter>
    </ClInclude>
    <ClInclude Include="C:\DevFast\skalang\skalang\src\src\ReturnTokenEvent.h">
      <Filter>Header Files</Filter>
    </ClInclude>
    <ClInclude Include="C:\DevFast\skalang\skalang\src\src\SemanticTypeChecker.h">
      <Filter>Header Files</Filter>
    </ClInclude>
    <ClInclude Include="C:\DevFast\skalang\skalang\src\src\ShuntingYardExpressionParser.h">
      <Filter>Header Files</Filter>
    </ClInclude>
    <ClInclude Include="C:\DevFast\skalang\skalang\src\src\SymbolTable.h">
      <Filter>Header Files</Filter>
    </ClInclude>
    <ClInclude Include="C:\DevFast\skalang\skalang\src\src\Token.h">
      <Filter>Header Files</Filter>
    </ClInclude>
    <ClInclude Include="C:\DevFast\skalang\skalang\src\src\TokenGrammar.h">
      <Filter>Header Files</Filter>
    </ClInclude>
    <ClInclude Include="C:\DevFast\skalang\skalang\src\src\TokenReader.h">
      <Filter>Header Files</Filter>
    </ClInclude>
    <ClInclude Include="C:\DevFast\skalang\skalang\src\src\Tokenizer.h">
      <Filter>Header Files</Filter>
    </ClInclude>
    <ClInclude Include="C:\DevFast\skalang\skalang\src\src\TypeBuilder.h">
      <Filter>Header Files</Filter>
    </ClInclude>
    <ClInclude Include="C:\DevFast\skalang\skalang\src\src\TypeBuilderBinary.h">
      <Filter>Header Files</Filter>
    </ClInclude>
    <ClInclude Include="C:\DevFast\skalang\skalang\src\src\TypeBuilderCalculatorDispatcher.h">
      <Filter>Header Files</Filter>
    </ClInclude>
    <ClInclude Include="C:\DevFast\skalang\skalang\src\src\TypeBuilderFieldAccess.h">
      <Filter>Header Files</Filter>
    </ClInclude>
    <ClInclude Include="C:\DevFast\skalang\skalang\src\src\TypeBuilderFunctionCall.h">
      <Filter>Header Files</Filter>
    </ClInclude>
    <ClInclude Include="C:\DevFast\skalang\skalang\src\src\TypeBuilderFunctionDeclaration.h">
      <Filter>Header Files</Filter>
    </ClInclude>
    <ClInclude Include="C:\DevFast\skalang\skalang\src\src\TypeBuilderOperator.h">
      <Filter>Header Files</Filter>
    </ClInclude>
    <ClInclude Include="C:\DevFast\skalang\skalang\src\src\TypeBuilderParameterDeclaration.h">
      <Filter>Header Files</Filter>
    </ClInclude>
    <ClInclude Include="C:\DevFast\skalang\skalang\src\src\TypeBuilderUnary.h">
      <Filter>Header Files</Filter>
    </ClInclude>
    <ClInclude Include="C:\DevFast\skalang\skalang\src\src\TypeBuilderVariableAffectation.h">
      <Filter>Header Files</Filter>
    </ClInclude>
    <ClInclude Include="C:\DevFast\skalang\skalang\src\src\TypeBuilderVariableDeclaration.h">
      <Filter>Header Files</Filter>
    </ClInclude>
    <ClInclude Include="C:\DevFast\skalang\skalang\src\src\VarTokenEvent.h">
      <Filter>Header Files</Filter>
    </ClInclude>
  </ItemGroup>
  <ItemGroup>
    <CustomBuild Include="C:\DevFast\skalang\skalang\src\CMakeLists.txt" />
  </ItemGroup>
  <ItemGroup>
    <Filter Include="Header Files">
      <UniqueIdentifier>{BCB920F7-8D72-3DA0-A2B4-E5207DD9809C}</UniqueIdentifier>
    </Filter>
    <Filter Include="Source Files">
      <UniqueIdentifier>{5AB96B6A-AA81-3F76-9855-DBB836E2B5B8}</UniqueIdentifier>
    </Filter>
  </ItemGroup>
</Project>
